
Microsoft Visual Studio Solution File, Format Version 12.00
# Visual Studio Version 17
VisualStudioVersion = 17.4.33015.44
MinimumVisualStudioVersion = 10.0.40219.1
Project("{9A19103F-16F7-4668-BE54-9A1E7A4F7556}") = "TrilhaApiDesafio", "TrilhaApiDesafio.csproj", "{9ACD4AB6-F65B-4EA2-9086-9A1478F2801D}"
EndProject
Global
	GlobalSection(SolutionConfigurationPlatforms) = preSolution
		Debug|Any CPU = Debug|Any CPU
		Release|Any CPU = Release|Any CPU
	EndGlobalSection
	GlobalSection(ProjectConfigurationPlatforms) = postSolution
		{9ACD4AB6-F65B-4EA2-9086-9A1478F2801D}.Debug|Any CPU.ActiveCfg = Debug|Any CPU
		{9ACD4AB6-F65B-4EA2-9086-9A1478F2801D}.Debug|Any CPU.Build.0 = Debug|Any CPU
		{9ACD4AB6-F65B-4EA2-9086-9A1478F2801D}.Release|Any CPU.ActiveCfg = Release|Any CPU
		{9ACD4AB6-F65B-4EA2-9086-9A1478F2801D}.Release|Any CPU.Build.0 = Release|Any CPU
	EndGlobalSection
	GlobalSection(SolutionProperties) = preSolution
		HideSolutionNode = FALSE
	EndGlobalSection
	GlobalSection(ExtensibilityGlobals) = postSolution
		SolutionGuid = {33B0143C-9AD0-45A9-9078-798126393E38}
	EndGlobalSection
EndGlobal
